
Microsoft Visual Studio Solution File, Format Version 12.00
# Visual Studio Version 17
VisualStudioVersion = 17.2.32630.192
MinimumVisualStudioVersion = 10.0.40219.1
Project("{FAE04EC0-301F-11D3-BF4B-00C04F79EFBC}") = "NumberGuesser", "NumberGuesser.csproj", "{F23C7450-23FE-4DF4-962B-32AF0CDF5C8F}"
EndProject
Global
	GlobalSection(SolutionConfigurationPlatforms) = preSolution
		Debug|Any CPU = Debug|Any CPU
		Release|Any CPU = Release|Any CPU
	EndGlobalSection
	GlobalSection(ProjectConfigurationPlatforms) = postSolution
		{F23C7450-23FE-4DF4-962B-32AF0CDF5C8F}.Debug|Any CPU.ActiveCfg = Debug|Any CPU
		{F23C7450-23FE-4DF4-962B-32AF0CDF5C8F}.Debug|Any CPU.Build.0 = Debug|Any CPU
		{F23C7450-23FE-4DF4-962B-32AF0CDF5C8F}.Release|Any CPU.ActiveCfg = Release|Any CPU
		{F23C7450-23FE-4DF4-962B-32AF0CDF5C8F}.Release|Any CPU.Build.0 = Release|Any CPU
	EndGlobalSection
	GlobalSection(SolutionProperties) = preSolution
		HideSolutionNode = FALSE
	EndGlobalSection
	GlobalSection(ExtensibilityGlobals) = postSolution
		SolutionGuid = {1C51156B-839A-46F1-9D41-DE13BED66712}
	EndGlobalSection
EndGlobal
